
Microsoft Visual Studio Solution File, Format Version 12.00
# Visual Studio Version 17
VisualStudioVersion = 17.5.33414.496
MinimumVisualStudioVersion = 10.0.40219.1
Project("{9A19103F-16F7-4668-BE54-9A1E7A4F7556}") = "UpdateDataWithDynamicLinq", "UpdateDataWithDynamicLinq.csproj", "{F7F9B789-5716-49E7-8609-8581791EBB2F}"
EndProject
Project("{FAE04EC0-301F-11D3-BF4B-00C04F79EFBC}") = "TestUpdate", "..\Test\TestUpdate\TestUpdate.csproj", "{86CF9188-DB32-41F5-8C68-5CB7085E51FF}"
EndProject
Global
	GlobalSection(SolutionConfigurationPlatforms) = preSolution
		Debug|Any CPU = Debug|Any CPU
		Release|Any CPU = Release|Any CPU
	EndGlobalSection
	GlobalSection(ProjectConfigurationPlatforms) = postSolution
		{F7F9B789-5716-49E7-8609-8581791EBB2F}.Debug|Any CPU.ActiveCfg = Debug|Any CPU
		{F7F9B789-5716-49E7-8609-8581791EBB2F}.Debug|Any CPU.Build.0 = Debug|Any CPU
		{F7F9B789-5716-49E7-8609-8581791EBB2F}.Release|Any CPU.ActiveCfg = Release|Any CPU
		{F7F9B789-5716-49E7-8609-8581791EBB2F}.Release|Any CPU.Build.0 = Release|Any CPU
		{86CF9188-DB32-41F5-8C68-5CB7085E51FF}.Debug|Any CPU.ActiveCfg = Debug|Any CPU
		{86CF9188-DB32-41F5-8C68-5CB7085E51FF}.Debug|Any CPU.Build.0 = Debug|Any CPU
		{86CF9188-DB32-41F5-8C68-5CB7085E51FF}.Release|Any CPU.ActiveCfg = Release|Any CPU
		{86CF9188-DB32-41F5-8C68-5CB7085E51FF}.Release|Any CPU.Build.0 = Release|Any CPU
	EndGlobalSection
	GlobalSection(SolutionProperties) = preSolution
		HideSolutionNode = FALSE
	EndGlobalSection
	GlobalSection(ExtensibilityGlobals) = postSolution
		SolutionGuid = {E418E03D-5461-4DED-8E9E-7BF4C5F92F46}
	EndGlobalSection
EndGlobal
